
Microsoft Visual Studio Solution File, Format Version 12.00
# Visual Studio Version 17
VisualStudioVersion = 17.12.35527.113 d17.12
MinimumVisualStudioVersion = 10.0.40219.1
Project("{FAE04EC0-301F-11D3-BF4B-00C04F79EFBC}") = "MailerSend", "MailerSend\MailerSend.csproj", "{B24E7D38-ED4C-4451-A61A-087AAD19A212}"
EndProject
Project("{FAE04EC0-301F-11D3-BF4B-00C04F79EFBC}") = "Testing", "Testing\Testing.csproj", "{74E5A13F-41C3-460B-9513-6E0793378E2E}"
EndProject
Global
	GlobalSection(SolutionConfigurationPlatforms) = preSolution
		Debug|Any CPU = Debug|Any CPU
		Release|Any CPU = Release|Any CPU
	EndGlobalSection
	GlobalSection(ProjectConfigurationPlatforms) = postSolution
		{B24E7D38-ED4C-4451-A61A-087AAD19A212}.Debug|Any CPU.ActiveCfg = Debug|Any CPU
		{B24E7D38-ED4C-4451-A61A-087AAD19A212}.Debug|Any CPU.Build.0 = Debug|Any CPU
		{B24E7D38-ED4C-4451-A61A-087AAD19A212}.Release|Any CPU.ActiveCfg = Release|Any CPU
		{B24E7D38-ED4C-4451-A61A-087AAD19A212}.Release|Any CPU.Build.0 = Release|Any CPU
		{74E5A13F-41C3-460B-9513-6E0793378E2E}.Debug|Any CPU.ActiveCfg = Debug|Any CPU
		{74E5A13F-41C3-460B-9513-6E0793378E2E}.Debug|Any CPU.Build.0 = Debug|Any CPU
		{74E5A13F-41C3-460B-9513-6E0793378E2E}.Release|Any CPU.ActiveCfg = Release|Any CPU
		{74E5A13F-41C3-460B-9513-6E0793378E2E}.Release|Any CPU.Build.0 = Release|Any CPU
	EndGlobalSection
	GlobalSection(SolutionProperties) = preSolution
		HideSolutionNode = FALSE
	EndGlobalSection
EndGlobal
