
Microsoft Visual Studio Solution File, Format Version 12.00
# Visual Studio Version 17
VisualStudioVersion = 17.12.35527.113
MinimumVisualStudioVersion = 10.0.40219.1
Project("{FAE04EC0-301F-11D3-BF4B-00C04F79EFBC}") = "Testing", "Testing\Testing.csproj", "{74E5A13F-41C3-460B-9513-6E0793378E2E}"
EndProject
Project("{FAE04EC0-301F-11D3-BF4B-00C04F79EFBC}") = "MailerSend", "MailerSend\MailerSend.csproj", "{1E77A025-4303-4FB8-AA5F-E4BCDD5E2C7B}"
EndProject
Project("{FAE04EC0-301F-11D3-BF4B-00C04F79EFBC}") = "CoreNotify.API", "CoreNotify.API\CoreNotify.API.csproj", "{EF6D0B31-375F-4B9E-B861-2C7A1A2F36E0}"
EndProject
Project("{FAE04EC0-301F-11D3-BF4B-00C04F79EFBC}") = "CoreNotify.CLI", "CoreNotify.CLI\CoreNotify.CLI.csproj", "{0DF64909-5D70-4671-9DFE-230AA376891D}"
EndProject
Project("{FAE04EC0-301F-11D3-BF4B-00C04F79EFBC}") = "Services", "Services\Services.csproj", "{00C2054B-7905-4A1A-B515-CFF0A6004948}"
EndProject
Project("{FAE04EC0-301F-11D3-BF4B-00C04F79EFBC}") = "DemoApp", "DemoApp\DemoApp.csproj", "{5BF4F047-1283-4110-9E3D-0DCF0FE0BD40}"
EndProject
Project("{FAE04EC0-301F-11D3-BF4B-00C04F79EFBC}") = "CoreNotify.Client", "CoreNotify.Client\CoreNotify.Client.csproj", "{F23F166B-BC09-4C22-A71E-C0875AA2FAA6}"
EndProject
Project("{FAE04EC0-301F-11D3-BF4B-00C04F79EFBC}") = "CoreNotify.Shared", "CoreNotify.Shared\CoreNotify.Shared.csproj", "{1A80D624-DF1D-406D-ACB2-75C92CA29617}"
EndProject
Project("{FAE04EC0-301F-11D3-BF4B-00C04F79EFBC}") = "CoreNotify.SerilogAlerts", "CoreNotify.SerilogAlerts\CoreNotify.SerilogAlerts.csproj", "{5CE8B223-8607-4FB6-9DE4-1891FB3002C8}"
EndProject
Project("{FAE04EC0-301F-11D3-BF4B-00C04F79EFBC}") = "CoreNotify.SerilogAlerts.Shared", "CoreNotify.SerilogAlerts.Shared\CoreNotify.SerilogAlerts.Shared.csproj", "{BF139C5C-2EDA-4831-BB31-8C6F74DD7DEE}"
EndProject
Global
	GlobalSection(SolutionConfigurationPlatforms) = preSolution
		Debug|Any CPU = Debug|Any CPU
		Release|Any CPU = Release|Any CPU
	EndGlobalSection
	GlobalSection(ProjectConfigurationPlatforms) = postSolution
		{74E5A13F-41C3-460B-9513-6E0793378E2E}.Debug|Any CPU.ActiveCfg = Debug|Any CPU
		{74E5A13F-41C3-460B-9513-6E0793378E2E}.Debug|Any CPU.Build.0 = Debug|Any CPU
		{74E5A13F-41C3-460B-9513-6E0793378E2E}.Release|Any CPU.ActiveCfg = Release|Any CPU
		{74E5A13F-41C3-460B-9513-6E0793378E2E}.Release|Any CPU.Build.0 = Release|Any CPU
		{1E77A025-4303-4FB8-AA5F-E4BCDD5E2C7B}.Debug|Any CPU.ActiveCfg = Debug|Any CPU
		{1E77A025-4303-4FB8-AA5F-E4BCDD5E2C7B}.Debug|Any CPU.Build.0 = Debug|Any CPU
		{1E77A025-4303-4FB8-AA5F-E4BCDD5E2C7B}.Release|Any CPU.ActiveCfg = Release|Any CPU
		{1E77A025-4303-4FB8-AA5F-E4BCDD5E2C7B}.Release|Any CPU.Build.0 = Release|Any CPU
		{EF6D0B31-375F-4B9E-B861-2C7A1A2F36E0}.Debug|Any CPU.ActiveCfg = Debug|Any CPU
		{EF6D0B31-375F-4B9E-B861-2C7A1A2F36E0}.Debug|Any CPU.Build.0 = Debug|Any CPU
		{EF6D0B31-375F-4B9E-B861-2C7A1A2F36E0}.Release|Any CPU.ActiveCfg = Release|Any CPU
		{EF6D0B31-375F-4B9E-B861-2C7A1A2F36E0}.Release|Any CPU.Build.0 = Release|Any CPU
		{0DF64909-5D70-4671-9DFE-230AA376891D}.Debug|Any CPU.ActiveCfg = Debug|Any CPU
		{0DF64909-5D70-4671-9DFE-230AA376891D}.Debug|Any CPU.Build.0 = Debug|Any CPU
		{0DF64909-5D70-4671-9DFE-230AA376891D}.Release|Any CPU.ActiveCfg = Release|Any CPU
		{0DF64909-5D70-4671-9DFE-230AA376891D}.Release|Any CPU.Build.0 = Release|Any CPU
		{00C2054B-7905-4A1A-B515-CFF0A6004948}.Debug|Any CPU.ActiveCfg = Debug|Any CPU
		{00C2054B-7905-4A1A-B515-CFF0A6004948}.Debug|Any CPU.Build.0 = Debug|Any CPU
		{00C2054B-7905-4A1A-B515-CFF0A6004948}.Release|Any CPU.ActiveCfg = Release|Any CPU
		{00C2054B-7905-4A1A-B515-CFF0A6004948}.Release|Any CPU.Build.0 = Release|Any CPU
		{5BF4F047-1283-4110-9E3D-0DCF0FE0BD40}.Debug|Any CPU.ActiveCfg = Debug|Any CPU
		{5BF4F047-1283-4110-9E3D-0DCF0FE0BD40}.Debug|Any CPU.Build.0 = Debug|Any CPU
		{5BF4F047-1283-4110-9E3D-0DCF0FE0BD40}.Release|Any CPU.ActiveCfg = Release|Any CPU
		{5BF4F047-1283-4110-9E3D-0DCF0FE0BD40}.Release|Any CPU.Build.0 = Release|Any CPU
		{F23F166B-BC09-4C22-A71E-C0875AA2FAA6}.Debug|Any CPU.ActiveCfg = Debug|Any CPU
		{F23F166B-BC09-4C22-A71E-C0875AA2FAA6}.Debug|Any CPU.Build.0 = Debug|Any CPU
		{F23F166B-BC09-4C22-A71E-C0875AA2FAA6}.Release|Any CPU.ActiveCfg = Release|Any CPU
		{F23F166B-BC09-4C22-A71E-C0875AA2FAA6}.Release|Any CPU.Build.0 = Release|Any CPU
		{1A80D624-DF1D-406D-ACB2-75C92CA29617}.Debug|Any CPU.ActiveCfg = Debug|Any CPU
		{1A80D624-DF1D-406D-ACB2-75C92CA29617}.Debug|Any CPU.Build.0 = Debug|Any CPU
		{1A80D624-DF1D-406D-ACB2-75C92CA29617}.Release|Any CPU.ActiveCfg = Release|Any CPU
		{1A80D624-DF1D-406D-ACB2-75C92CA29617}.Release|Any CPU.Build.0 = Release|Any CPU
		{5CE8B223-8607-4FB6-9DE4-1891FB3002C8}.Debug|Any CPU.ActiveCfg = Debug|Any CPU
		{5CE8B223-8607-4FB6-9DE4-1891FB3002C8}.Debug|Any CPU.Build.0 = Debug|Any CPU
		{5CE8B223-8607-4FB6-9DE4-1891FB3002C8}.Release|Any CPU.ActiveCfg = Release|Any CPU
		{5CE8B223-8607-4FB6-9DE4-1891FB3002C8}.Release|Any CPU.Build.0 = Release|Any CPU
		{BF139C5C-2EDA-4831-BB31-8C6F74DD7DEE}.Debug|Any CPU.ActiveCfg = Debug|Any CPU
		{BF139C5C-2EDA-4831-BB31-8C6F74DD7DEE}.Debug|Any CPU.Build.0 = Debug|Any CPU
		{BF139C5C-2EDA-4831-BB31-8C6F74DD7DEE}.Release|Any CPU.ActiveCfg = Release|Any CPU
		{BF139C5C-2EDA-4831-BB31-8C6F74DD7DEE}.Release|Any CPU.Build.0 = Release|Any CPU
	EndGlobalSection
	GlobalSection(SolutionProperties) = preSolution
		HideSolutionNode = FALSE
	EndGlobalSection
	GlobalSection(ExtensibilityGlobals) = postSolution
		SolutionGuid = {C9401B21-EC9A-43E4-8299-C1998BD13D23}
	EndGlobalSection
EndGlobal
