
Microsoft Visual Studio Solution File, Format Version 12.00
# Visual Studio Version 16
VisualStudioVersion = 16.0.31129.286
MinimumVisualStudioVersion = 10.0.40219.1
Project("{9A19103F-16F7-4668-BE54-9A1E7A4F7556}") = "CoreNotify.Blazor", "CoreNotify.Blazor\CoreNotify.Blazor.csproj", "{BB06D1AC-7DB1-4734-AED1-0FA55F5A3BF8}"
EndProject
Project("{9A19103F-16F7-4668-BE54-9A1E7A4F7556}") = "CoreNotify.Models", "CoreNotify.Models\CoreNotify.Models.csproj", "{78C6D32E-1922-4468-BEE7-B0036D98E099}"
EndProject
Project("{FAE04EC0-301F-11D3-BF4B-00C04F79EFBC}") = "CoreNotify.Shared", "CoreNotify.Shared\CoreNotify.Shared.csproj", "{3BC24FBC-B214-46D5-B8C3-49EDF6EBE234}"
EndProject
Global
	GlobalSection(SolutionConfigurationPlatforms) = preSolution
		Debug|Any CPU = Debug|Any CPU
		Release|Any CPU = Release|Any CPU
	EndGlobalSection
	GlobalSection(ProjectConfigurationPlatforms) = postSolution
		{BB06D1AC-7DB1-4734-AED1-0FA55F5A3BF8}.Debug|Any CPU.ActiveCfg = Debug|Any CPU
		{BB06D1AC-7DB1-4734-AED1-0FA55F5A3BF8}.Debug|Any CPU.Build.0 = Debug|Any CPU
		{BB06D1AC-7DB1-4734-AED1-0FA55F5A3BF8}.Release|Any CPU.ActiveCfg = Release|Any CPU
		{BB06D1AC-7DB1-4734-AED1-0FA55F5A3BF8}.Release|Any CPU.Build.0 = Release|Any CPU
		{78C6D32E-1922-4468-BEE7-B0036D98E099}.Debug|Any CPU.ActiveCfg = Debug|Any CPU
		{78C6D32E-1922-4468-BEE7-B0036D98E099}.Debug|Any CPU.Build.0 = Debug|Any CPU
		{78C6D32E-1922-4468-BEE7-B0036D98E099}.Release|Any CPU.ActiveCfg = Release|Any CPU
		{78C6D32E-1922-4468-BEE7-B0036D98E099}.Release|Any CPU.Build.0 = Release|Any CPU
		{3BC24FBC-B214-46D5-B8C3-49EDF6EBE234}.Debug|Any CPU.ActiveCfg = Debug|Any CPU
		{3BC24FBC-B214-46D5-B8C3-49EDF6EBE234}.Debug|Any CPU.Build.0 = Debug|Any CPU
		{3BC24FBC-B214-46D5-B8C3-49EDF6EBE234}.Release|Any CPU.ActiveCfg = Release|Any CPU
		{3BC24FBC-B214-46D5-B8C3-49EDF6EBE234}.Release|Any CPU.Build.0 = Release|Any CPU
	EndGlobalSection
	GlobalSection(SolutionProperties) = preSolution
		HideSolutionNode = FALSE
	EndGlobalSection
	GlobalSection(ExtensibilityGlobals) = postSolution
		SolutionGuid = {740A32CB-5B27-44C0-9E4A-256F7DC80049}
	EndGlobalSection
EndGlobal
